{
  "version": 1,
  "dependencies": {
    "net10.0": {
      "Godot.SourceGenerators": {
        "type": "Direct",
        "requested": "[4.6.3, )",
        "resolved": "4.6.3",
        "contentHash": "tDEpdpIxCAGEFPCqBQmRIICHmU6RyNIdgBmAK8V1ZjJqvPNMsVAp+7aJXCSyrfXVCEywsd4GMkpgXIYc8JtNUw=="
      },
      "GodotSharp": {
        "type": "Direct",
        "requested": "[4.6.3, )",
        "resolved": "4.6.3",
        "contentHash": "2gLsonAxGdDGm9/yYDy4A1U+db8JFGvlzt6ZuzX14cqrkCa7noikZDHcqtujcVAjXLOyxm+TuMdsmihYLZq1RA=="
      },
      "GodotSharpEditor": {
        "type": "Direct",
        "requested": "[4.6.3, )",
        "resolved": "4.6.3",
        "contentHash": "ytyJqJVpB5/7ZXKO9ahKzK24wlengf1FdNFHoIopa72irgon/HpizIcuzh/9lfGytfZywKi97o/LIQF9j7eHNA==",
        "dependencies": {
          "GodotSharp": "4.6.3"
        }
      },
      "opend2.assets": {
        "type": "Project",
        "dependencies": {
          "OpenD2.Core": "[1.0.0, )"
        }
      },
      "opend2.core": {
        "type": "Project"
      },
      "opend2.npc": {
        "type": "Project",
        "dependencies": {
          "OpenD2.Core": "[1.0.0, )"
        }
      }
    }
  }
}